
Microsoft Visual Studio Solution File, Format Version 12.00
# Visual Studio Version 17
VisualStudioVersion = 17.5.002.0
MinimumVisualStudioVersion = 10.0.40219.1
Project("{9A19103F-16F7-4668-BE54-9A1E7A4F7556}") = "Commander", "Commander\Commander.csproj", "{B147113C-6C1D-46BC-9974-D047AD602A91}"
EndProject
Global
	GlobalSection(SolutionConfigurationPlatforms) = preSolution
		Debug|Any CPU = Debug|Any CPU
		Release|Any CPU = Release|Any CPU
	EndGlobalSection
	GlobalSection(ProjectConfigurationPlatforms) = postSolution
		{B147113C-6C1D-46BC-9974-D047AD602A91}.Debug|Any CPU.ActiveCfg = Debug|Any CPU
		{B147113C-6C1D-46BC-9974-D047AD602A91}.Debug|Any CPU.Build.0 = Debug|Any CPU
		{B147113C-6C1D-46BC-9974-D047AD602A91}.Release|Any CPU.ActiveCfg = Release|Any CPU
		{B147113C-6C1D-46BC-9974-D047AD602A91}.Release|Any CPU.Build.0 = Release|Any CPU
	EndGlobalSection
	GlobalSection(SolutionProperties) = preSolution
		HideSolutionNode = FALSE
	EndGlobalSection
	GlobalSection(ExtensibilityGlobals) = postSolution
		SolutionGuid = {4F8295BE-EE1E-49D4-AA93-F3567A763B09}
	EndGlobalSection
EndGlobal
